
Microsoft Visual Studio Solution File, Format Version 12.00
# Visual Studio Version 17
VisualStudioVersion = 17.10.34916.146
MinimumVisualStudioVersion = 10.0.40219.1
Project("{FAE04EC0-301F-11D3-BF4B-00C04F79EFBC}") = "slash-commands-gui-tool", "slash-commands-gui-tool\slash-commands-gui-tool.csproj", "{43448A3B-A049-4EDA-9B8E-B6CE3FDADD90}"
EndProject
Global
	GlobalSection(SolutionConfigurationPlatforms) = preSolution
		Debug|Any CPU = Debug|Any CPU
		Release|Any CPU = Release|Any CPU
	EndGlobalSection
	GlobalSection(ProjectConfigurationPlatforms) = postSolution
		{43448A3B-A049-4EDA-9B8E-B6CE3FDADD90}.Debug|Any CPU.ActiveCfg = Debug|Any CPU
		{43448A3B-A049-4EDA-9B8E-B6CE3FDADD90}.Debug|Any CPU.Build.0 = Debug|Any CPU
		{43448A3B-A049-4EDA-9B8E-B6CE3FDADD90}.Release|Any CPU.ActiveCfg = Release|Any CPU
		{43448A3B-A049-4EDA-9B8E-B6CE3FDADD90}.Release|Any CPU.Build.0 = Release|Any CPU
	EndGlobalSection
	GlobalSection(SolutionProperties) = preSolution
		HideSolutionNode = FALSE
	EndGlobalSection
	GlobalSection(ExtensibilityGlobals) = postSolution
		SolutionGuid = {16BBA81E-552A-4B94-9CB2-8EE79EC5B167}
	EndGlobalSection
EndGlobal
